
Microsoft Visual Studio Solution File, Format Version 12.00
# Visual Studio Version 16
VisualStudioVersion = 16.0.31829.152
MinimumVisualStudioVersion = 10.0.40219.1
Project("{FAE04EC0-301F-11D3-BF4B-00C04F79EFBC}") = "WpfApp12", "WpfApp12\WpfApp12.csproj", "{148DADF6-63DF-4916-84B0-582AB08C4B51}"
EndProject
Global
	GlobalSection(SolutionConfigurationPlatforms) = preSolution
		Debug|Any CPU = Debug|Any CPU
		Release|Any CPU = Release|Any CPU
	EndGlobalSection
	GlobalSection(ProjectConfigurationPlatforms) = postSolution
		{148DADF6-63DF-4916-84B0-582AB08C4B51}.Debug|Any CPU.ActiveCfg = Debug|Any CPU
		{148DADF6-63DF-4916-84B0-582AB08C4B51}.Debug|Any CPU.Build.0 = Debug|Any CPU
		{148DADF6-63DF-4916-84B0-582AB08C4B51}.Release|Any CPU.ActiveCfg = Release|Any CPU
		{148DADF6-63DF-4916-84B0-582AB08C4B51}.Release|Any CPU.Build.0 = Release|Any CPU
	EndGlobalSection
	GlobalSection(SolutionProperties) = preSolution
		HideSolutionNode = FALSE
	EndGlobalSection
	GlobalSection(ExtensibilityGlobals) = postSolution
		SolutionGuid = {62EB9D2B-B1D0-4838-B86E-3049C997CF78}
	EndGlobalSection
EndGlobal
